
Microsoft Visual Studio Solution File, Format Version 12.00
# Visual Studio Version 16
VisualStudioVersion = 16.0.29201.188
MinimumVisualStudioVersion = 10.0.40219.1
Project("{9A19103F-16F7-4668-BE54-9A1E7A4F7556}") = "Service", "Service\Service.csproj", "{3B5B28E1-940C-4956-8977-BBA0E2DA7D9C}"
EndProject
Project("{FAE04EC0-301F-11D3-BF4B-00C04F79EFBC}") = "Service.UnitTest", "Service.UnitTest\Service.UnitTest.csproj", "{17B9F98F-1A26-4786-BCC4-1F4C099D9ADA}"
EndProject
Project("{FAE04EC0-301F-11D3-BF4B-00C04F79EFBC}") = "Service.DataModel", "Service.DataModel\Service.DataModel.csproj", "{1C9FFAEE-6375-4F36-85B5-3E588BE52EA7}"
EndProject
Global
	GlobalSection(SolutionConfigurationPlatforms) = preSolution
		Debug|Any CPU = Debug|Any CPU
		Release|Any CPU = Release|Any CPU
	EndGlobalSection
	GlobalSection(ProjectConfigurationPlatforms) = postSolution
		{3B5B28E1-940C-4956-8977-BBA0E2DA7D9C}.Debug|Any CPU.ActiveCfg = Debug|Any CPU
		{3B5B28E1-940C-4956-8977-BBA0E2DA7D9C}.Debug|Any CPU.Build.0 = Debug|Any CPU
		{3B5B28E1-940C-4956-8977-BBA0E2DA7D9C}.Release|Any CPU.ActiveCfg = Release|Any CPU
		{3B5B28E1-940C-4956-8977-BBA0E2DA7D9C}.Release|Any CPU.Build.0 = Release|Any CPU
		{17B9F98F-1A26-4786-BCC4-1F4C099D9ADA}.Debug|Any CPU.ActiveCfg = Debug|Any CPU
		{17B9F98F-1A26-4786-BCC4-1F4C099D9ADA}.Debug|Any CPU.Build.0 = Debug|Any CPU
		{17B9F98F-1A26-4786-BCC4-1F4C099D9ADA}.Release|Any CPU.ActiveCfg = Release|Any CPU
		{17B9F98F-1A26-4786-BCC4-1F4C099D9ADA}.Release|Any CPU.Build.0 = Release|Any CPU
		{1C9FFAEE-6375-4F36-85B5-3E588BE52EA7}.Debug|Any CPU.ActiveCfg = Debug|Any CPU
		{1C9FFAEE-6375-4F36-85B5-3E588BE52EA7}.Debug|Any CPU.Build.0 = Debug|Any CPU
		{1C9FFAEE-6375-4F36-85B5-3E588BE52EA7}.Release|Any CPU.ActiveCfg = Release|Any CPU
		{1C9FFAEE-6375-4F36-85B5-3E588BE52EA7}.Release|Any CPU.Build.0 = Release|Any CPU
	EndGlobalSection
	GlobalSection(SolutionProperties) = preSolution
		HideSolutionNode = FALSE
	EndGlobalSection
	GlobalSection(ExtensibilityGlobals) = postSolution
		SolutionGuid = {920D73BD-2A05-472D-94DF-FF8F1D35ABE9}
	EndGlobalSection
EndGlobal
